// !$*UTF8*$!
{
	archiveVersion = 1;
	classes = {
	};
	objectVersion = 56;
	objects = {

/* Begin PBXBuildFile section */
		021E099C28D217890005179E /* DetailsCryptosViewController.swift in Sources */ = {isa = PBXBuildFile; fileRef = 021E099B28D217890005179E /* DetailsCryptosViewController.swift */; };
		021E099E28D21EC60005179E /* History.swift in Sources */ = {isa = PBXBuildFile; fileRef = 021E099D28D21EC60005179E /* History.swift */; };
		021E09A128D220180005179E /* DetailsTableViewCell.swift in Sources */ = {isa = PBXBuildFile; fileRef = 021E099F28D220180005179E /* DetailsTableViewCell.swift */; };
		021E09A228D220180005179E /* DetailsTableViewCell.xib in Resources */ = {isa = PBXBuildFile; fileRef = 021E09A028D220180005179E /* DetailsTableViewCell.xib */; };
		02EE869028D1EC520053FE16 /* AppDelegate.swift in Sources */ = {isa = PBXBuildFile; fileRef = 02EE868F28D1EC520053FE16 /* AppDelegate.swift */; };
		02EE869228D1EC520053FE16 /* SceneDelegate.swift in Sources */ = {isa = PBXBuildFile; fileRef = 02EE869128D1EC520053FE16 /* SceneDelegate.swift */; };
		02EE869428D1EC520053FE16 /* CryptoLiveController.swift in Sources */ = {isa = PBXBuildFile; fileRef = 02EE869328D1EC520053FE16 /* CryptoLiveController.swift */; };
		02EE869728D1EC520053FE16 /* Main.storyboard in Resources */ = {isa = PBXBuildFile; fileRef = 02EE869528D1EC520053FE16 /* Main.storyboard */; };
		02EE869928D1EC530053FE16 /* Assets.xcassets in Resources */ = {isa = PBXBuildFile; fileRef = 02EE869828D1EC530053FE16 /* Assets.xcassets */; };
		02EE869C28D1EC530053FE16 /* LaunchScreen.storyboard in Resources */ = {isa = PBXBuildFile; fileRef = 02EE869A28D1EC530053FE16 /* LaunchScreen.storyboard */; };
		02EE86A828D1EE010053FE16 /* CryptoLiveCell.swift in Sources */ = {isa = PBXBuildFile; fileRef = 02EE86A628D1EE010053FE16 /* CryptoLiveCell.swift */; };
		02EE86A928D1EE010053FE16 /* CryptoLiveCell.xib in Resources */ = {isa = PBXBuildFile; fileRef = 02EE86A728D1EE010053FE16 /* CryptoLiveCell.xib */; };
		02EE86AC28D1EE320053FE16 /* CryptosCell.swift in Sources */ = {isa = PBXBuildFile; fileRef = 02EE86AA28D1EE320053FE16 /* CryptosCell.swift */; };
		02EE86AD28D1EE320053FE16 /* CryptosCell.xib in Resources */ = {isa = PBXBuildFile; fileRef = 02EE86AB28D1EE320053FE16 /* CryptosCell.xib */; };
		02EE86AF28D1EEE80053FE16 /* CryptosController.swift in Sources */ = {isa = PBXBuildFile; fileRef = 02EE86AE28D1EEE80053FE16 /* CryptosController.swift */; };
		02EE86B128D1F4160053FE16 /* CryptosLive.swift in Sources */ = {isa = PBXBuildFile; fileRef = 02EE86B028D1F4160053FE16 /* CryptosLive.swift */; };
		02EE86B328D1F4220053FE16 /* Cryptos.swift in Sources */ = {isa = PBXBuildFile; fileRef = 02EE86B228D1F4220053FE16 /* Cryptos.swift */; };
		02EE86B628D1F4370053FE16 /* Alamofire in Frameworks */ = {isa = PBXBuildFile; productRef = 02EE86B528D1F4370053FE16 /* Alamofire */; };
		02EE86B928D1F44A0053FE16 /* AlamofireImage in Frameworks */ = {isa = PBXBuildFile; productRef = 02EE86B828D1F44A0053FE16 /* AlamofireImage */; };
/* End PBXBuildFile section */

/* Begin PBXFileReference section */
		021E099B28D217890005179E /* DetailsCryptosViewController.swift */ = {isa = PBXFileReference; lastKnownFileType = sourcecode.swift; path = DetailsCryptosViewController.swift; sourceTree = "<group>"; };
		021E099D28D21EC60005179E /* History.swift */ = {isa = PBXFileReference; lastKnownFileType = sourcecode.swift; path = History.swift; sourceTree = "<group>"; };
		021E099F28D220180005179E /* DetailsTableViewCell.swift */ = {isa = PBXFileReference; lastKnownFileType = sourcecode.swift; path = DetailsTableViewCell.swift; sourceTree = "<group>"; };
		021E09A028D220180005179E /* DetailsTableViewCell.xib */ = {isa = PBXFileReference; lastKnownFileType = file.xib; path = DetailsTableViewCell.xib; sourceTree = "<group>"; };
		02EE868C28D1EC520053FE16 /* EVIOS3.app */ = {isa = PBXFileReference; explicitFileType = wrapper.application; includeInIndex = 0; path = EVIOS3.app; sourceTree = BUILT_PRODUCTS_DIR; };
		02EE868F28D1EC520053FE16 /* AppDelegate.swift */ = {isa = PBXFileReference; lastKnownFileType = sourcecode.swift; path = AppDelegate.swift; sourceTree = "<group>"; };
		02EE869128D1EC520053FE16 /* SceneDelegate.swift */ = {isa = PBXFileReference; lastKnownFileType = sourcecode.swift; path = SceneDelegate.swift; sourceTree = "<group>"; };
		02EE869328D1EC520053FE16 /* CryptoLiveController.swift */ = {isa = PBXFileReference; lastKnownFileType = sourcecode.swift; path = CryptoLiveController.swift; sourceTree = "<group>"; };
		02EE869628D1EC520053FE16 /* Base */ = {isa = PBXFileReference; lastKnownFileType = file.storyboard; name = Base; path = Base.lproj/Main.storyboard; sourceTree = "<group>"; };
		02EE869828D1EC530053FE16 /* Assets.xcassets */ = {isa = PBXFileReference; lastKnownFileType = folder.assetcatalog; path = Assets.xcassets; sourceTree = "<group>"; };
		02EE869B28D1EC530053FE16 /* Base */ = {isa = PBXFileReference; lastKnownFileType = file.storyboard; name = Base; path = Base.lproj/LaunchScreen.storyboard; sourceTree = "<group>"; };
		02EE869D28D1EC530053FE16 /* Info.plist */ = {isa = PBXFileReference; lastKnownFileType = text.plist.xml; path = Info.plist; sourceTree = "<group>"; };
		02EE86A628D1EE010053FE16 /* CryptoLiveCell.swift */ = {isa = PBXFileReference; lastKnownFileType = sourcecode.swift; path = CryptoLiveCell.swift; sourceTree = "<group>"; };
		02EE86A728D1EE010053FE16 /* CryptoLiveCell.xib */ = {isa = PBXFileReference; lastKnownFileType = file.xib; path = CryptoLiveCell.xib; sourceTree = "<group>"; };
		02EE86AA28D1EE320053FE16 /* CryptosCell.swift */ = {isa = PBXFileReference; lastKnownFileType = sourcecode.swift; path = CryptosCell.swift; sourceTree = "<group>"; };
		02EE86AB28D1EE320053FE16 /* CryptosCell.xib */ = {isa = PBXFileReference; lastKnownFileType = file.xib; path = CryptosCell.xib; sourceTree = "<group>"; };
		02EE86AE28D1EEE80053FE16 /* CryptosController.swift */ = {isa = PBXFileReference; lastKnownFileType = sourcecode.swift; path = CryptosController.swift; sourceTree = "<group>"; };
		02EE86B028D1F4160053FE16 /* CryptosLive.swift */ = {isa = PBXFileReference; lastKnownFileType = sourcecode.swift; path = CryptosLive.swift; sourceTree = "<group>"; };
		02EE86B228D1F4220053FE16 /* Cryptos.swift */ = {isa = PBXFileReference; lastKnownFileType = sourcecode.swift; path = Cryptos.swift; sourceTree = "<group>"; };
/* End PBXFileReference section */

/* Begin PBXFrameworksBuildPhase section */
		02EE868928D1EC520053FE16 /* Frameworks */ = {
			isa = PBXFrameworksBuildPhase;
			buildActionMask = 2147483647;
			files = (
				02EE86B628D1F4370053FE16 /* Alamofire in Frameworks */,
				02EE86B928D1F44A0053FE16 /* AlamofireImage in Frameworks */,
			);
			runOnlyForDeploymentPostprocessing = 0;
		};
/* End PBXFrameworksBuildPhase section */

/* Begin PBXGroup section */
		02EE868328D1EC520053FE16 = {
			isa = PBXGroup;
			children = (
				02EE868E28D1EC520053FE16 /* EVIOS3 */,
				02EE868D28D1EC520053FE16 /* Products */,
			);
			sourceTree = "<group>";
		};
		02EE868D28D1EC520053FE16 /* Products */ = {
			isa = PBXGroup;
			children = (
				02EE868C28D1EC520053FE16 /* EVIOS3.app */,
			);
			name = Products;
			sourceTree = "<group>";
		};
		02EE868E28D1EC520053FE16 /* EVIOS3 */ = {
			isa = PBXGroup;
			children = (
				02EE86A528D1EDD50053FE16 /* View */,
				02EE86A428D1EDCA0053FE16 /* Controllers */,
				02EE86A328D1EDBF0053FE16 /* Models */,
				02EE868F28D1EC520053FE16 /* AppDelegate.swift */,
				02EE869128D1EC520053FE16 /* SceneDelegate.swift */,
				02EE869528D1EC520053FE16 /* Main.storyboard */,
				02EE869828D1EC530053FE16 /* Assets.xcassets */,
				02EE869A28D1EC530053FE16 /* LaunchScreen.storyboard */,
				02EE869D28D1EC530053FE16 /* Info.plist */,
			);
			path = EVIOS3;
			sourceTree = "<group>";
		};
		02EE86A328D1EDBF0053FE16 /* Models */ = {
			isa = PBXGroup;
			children = (
				02EE86B028D1F4160053FE16 /* CryptosLive.swift */,
				02EE86B228D1F4220053FE16 /* Cryptos.swift */,
				021E099D28D21EC60005179E /* History.swift */,
			);
			path = Models;
			sourceTree = "<group>";
		};
		02EE86A428D1EDCA0053FE16 /* Controllers */ = {
			isa = PBXGroup;
			children = (
				02EE869328D1EC520053FE16 /* CryptoLiveController.swift */,
				02EE86AE28D1EEE80053FE16 /* CryptosController.swift */,
				021E099B28D217890005179E /* DetailsCryptosViewController.swift */,
			);
			path = Controllers;
			sourceTree = "<group>";
		};
		02EE86A528D1EDD50053FE16 /* View */ = {
			isa = PBXGroup;
			children = (
				02EE86A628D1EE010053FE16 /* CryptoLiveCell.swift */,
				02EE86A728D1EE010053FE16 /* CryptoLiveCell.xib */,
				02EE86AA28D1EE320053FE16 /* CryptosCell.swift */,
				02EE86AB28D1EE320053FE16 /* CryptosCell.xib */,
				021E099F28D220180005179E /* DetailsTableViewCell.swift */,
				021E09A028D220180005179E /* DetailsTableViewCell.xib */,
			);
			path = View;
			sourceTree = "<group>";
		};
/* End PBXGroup section */

/* Begin PBXNativeTarget section */
		02EE868B28D1EC520053FE16 /* EVIOS3 */ = {
			isa = PBXNativeTarget;
			buildConfigurationList = 02EE86A028D1EC530053FE16 /* Build configuration list for PBXNativeTarget "EVIOS3" */;
			buildPhases = (
				02EE868828D1EC520053FE16 /* Sources */,
				02EE868928D1EC520053FE16 /* Frameworks */,
				02EE868A28D1EC520053FE16 /* Resources */,
			);
			buildRules = (
			);
			dependencies = (
			);
			name = EVIOS3;
			packageProductDependencies = (
				02EE86B528D1F4370053FE16 /* Alamofire */,
				02EE86B828D1F44A0053FE16 /* AlamofireImage */,
			);
			productName = EVIOS3;
			productReference = 02EE868C28D1EC520053FE16 /* EVIOS3.app */;
			productType = "com.apple.product-type.application";
		};
/* End PBXNativeTarget section */

/* Begin PBXProject section */
		02EE868428D1EC520053FE16 /* Project object */ = {
			isa = PBXProject;
			attributes = {
				BuildIndependentTargetsInParallel = 1;
				LastSwiftUpdateCheck = 1400;
				LastUpgradeCheck = 1400;
				TargetAttributes = {
					02EE868B28D1EC520053FE16 = {
						CreatedOnToolsVersion = 14.0;
					};
				};
			};
			buildConfigurationList = 02EE868728D1EC520053FE16 /* Build configuration list for PBXProject "EVIOS3" */;
			compatibilityVersion = "Xcode 14.0";
			developmentRegion = en;
			hasScannedForEncodings = 0;
			knownRegions = (
				en,
				Base,
			);
			mainGroup = 02EE868328D1EC520053FE16;
			packageReferences = (
				02EE86B428D1F4370053FE16 /* XCRemoteSwiftPackageReference "Alamofire" */,
				02EE86B728D1F44A0053FE16 /* XCRemoteSwiftPackageReference "AlamofireImage" */,
			);
			productRefGroup = 02EE868D28D1EC520053FE16 /* Products */;
			projectDirPath = "";
			projectRoot = "";
			targets = (
				02EE868B28D1EC520053FE16 /* EVIOS3 */,
			);
		};
/* End PBXProject section */

/* Begin PBXResourcesBuildPhase section */
		02EE868A28D1EC520053FE16 /* Resources */ = {
			isa = PBXResourcesBuildPhase;
			buildActionMask = 2147483647;
			files = (
				02EE86A928D1EE010053FE16 /* CryptoLiveCell.xib in Resources */,
				02EE86AD28D1EE320053FE16 /* CryptosCell.xib in Resources */,
				021E09A228D220180005179E /* DetailsTableViewCell.xib in Resources */,
				02EE869C28D1EC530053FE16 /* LaunchScreen.storyboard in Resources */,
				02EE869928D1EC530053FE16 /* Assets.xcassets in Resources */,
				02EE869728D1EC520053FE16 /* Main.storyboard in Resources */,
			);
			runOnlyForDeploymentPostprocessing = 0;
		};
/* End PBXResourcesBuildPhase section */

/* Begin PBXSourcesBuildPhase section */
		02EE868828D1EC520053FE16 /* Sources */ = {
			isa = PBXSourcesBuildPhase;
			buildActionMask = 2147483647;
			files = (
				02EE86B128D1F4160053FE16 /* CryptosLive.swift in Sources */,
				02EE86AC28D1EE320053FE16 /* CryptosCell.swift in Sources */,
				02EE86A828D1EE010053FE16 /* CryptoLiveCell.swift in Sources */,
				02EE86AF28D1EEE80053FE16 /* CryptosController.swift in Sources */,
				021E099E28D21EC60005179E /* History.swift in Sources */,
				021E09A128D220180005179E /* DetailsTableViewCell.swift in Sources */,
				02EE86B328D1F4220053FE16 /* Cryptos.swift in Sources */,
				02EE869428D1EC520053FE16 /* CryptoLiveController.swift in Sources */,
				021E099C28D217890005179E /* DetailsCryptosViewController.swift in Sources */,
				02EE869028D1EC520053FE16 /* AppDelegate.swift in Sources */,
				02EE869228D1EC520053FE16 /* SceneDelegate.swift in Sources */,
			);
			runOnlyForDeploymentPostprocessing = 0;
		};
/* End PBXSourcesBuildPhase section */

/* Begin PBXVariantGroup section */
		02EE869528D1EC520053FE16 /* Main.storyboard */ = {
			isa = PBXVariantGroup;
			children = (
				02EE869628D1EC520053FE16 /* Base */,
			);
			name = Main.storyboard;
			sourceTree = "<group>";
		};
		02EE869A28D1EC530053FE16 /* LaunchScreen.storyboard */ = {
			isa = PBXVariantGroup;
			children = (
				02EE869B28D1EC530053FE16 /* Base */,
			);
			name = LaunchScreen.storyboard;
			sourceTree = "<group>";
		};
/* End PBXVariantGroup section */

/* Begin XCBuildConfiguration section */
		02EE869E28D1EC530053FE16 /* Debug */ = {
			isa = XCBuildConfiguration;
			buildSettings = {
				ALWAYS_SEARCH_USER_PATHS = NO;
				CLANG_ANALYZER_NONNULL = YES;
				CLANG_ANALYZER_NUMBER_OBJECT_CONVERSION = YES_AGGRESSIVE;
				CLANG_CXX_LANGUAGE_STANDARD = "gnu++20";
				CLANG_ENABLE_MODULES = YES;
				CLANG_ENABLE_OBJC_ARC = YES;
				CLANG_ENABLE_OBJC_WEAK = YES;
				CLANG_WARN_BLOCK_CAPTURE_AUTORELEASING = YES;
				CLANG_WARN_BOOL_CONVERSION = YES;
				CLANG_WARN_COMMA = YES;
				CLANG_WARN_CONSTANT_CONVERSION = YES;
				CLANG_WARN_DEPRECATED_OBJC_IMPLEMENTATIONS = YES;
				CLANG_WARN_DIRECT_OBJC_ISA_USAGE = YES_ERROR;
				CLANG_WARN_DOCUMENTATION_COMMENTS = YES;
				CLANG_WARN_EMPTY_BODY = YES;
				CLANG_WARN_ENUM_CONVERSION = YES;
				CLANG_WARN_INFINITE_RECURSION = YES;
				CLANG_WARN_INT_CONVERSION = YES;
				CLANG_WARN_NON_LITERAL_NULL_CONVERSION = YES;
				CLANG_WARN_OBJC_IMPLICIT_RETAIN_SELF = YES;
				CLANG_WARN_OBJC_LITERAL_CONVERSION = YES;
				CLANG_WARN_OBJC_ROOT_CLASS = YES_ERROR;
				CLANG_WARN_QUOTED_INCLUDE_IN_FRAMEWORK_HEADER = YES;
				CLANG_WARN_RANGE_LOOP_ANALYSIS = YES;
				CLANG_WARN_STRICT_PROTOTYPES = YES;
				CLANG_WARN_SUSPICIOUS_MOVE = YES;
				CLANG_WARN_UNGUARDED_AVAILABILITY = YES_AGGRESSIVE;
				CLANG_WARN_UNREACHABLE_CODE = YES;
				CLANG_WARN__DUPLICATE_METHOD_MATCH = YES;
				COPY_PHASE_STRIP = NO;
				DEBUG_INFORMATION_FORMAT = dwarf;
				ENABLE_STRICT_OBJC_MSGSEND = YES;
				ENABLE_TESTABILITY = YES;
				GCC_C_LANGUAGE_STANDARD = gnu11;
				GCC_DYNAMIC_NO_PIC = NO;
				GCC_NO_COMMON_BLOCKS = YES;
				GCC_OPTIMIZATION_LEVEL = 0;
				GCC_PREPROCESSOR_DEFINITIONS = (
					"DEBUG=1",
					"$(inherited)",
				);
				GCC_WARN_64_TO_32_BIT_CONVERSION = YES;
				GCC_WARN_ABOUT_RETURN_TYPE = YES_ERROR;
				GCC_WARN_UNDECLARED_SELECTOR = YES;
				GCC_WARN_UNINITIALIZED_AUTOS = YES_AGGRESSIVE;
				GCC_WARN_UNUSED_FUNCTION = YES;
				GCC_WARN_UNUSED_VARIABLE = YES;
				IPHONEOS_DEPLOYMENT_TARGET = 16.0;
				MTL_ENABLE_DEBUG_INFO = INCLUDE_SOURCE;
				MTL_FAST_MATH = YES;
				ONLY_ACTIVE_ARCH = YES;
				SDKROOT = iphoneos;
				SWIFT_ACTIVE_COMPILATION_CONDITIONS = DEBUG;
				SWIFT_OPTIMIZATION_LEVEL = "-Onone";
			};
			name = Debug;
		};
		02EE869F28D1EC530053FE16 /* Release */ = {
			isa = XCBuildConfiguration;
			buildSettings = {
				ALWAYS_SEARCH_USER_PATHS = NO;
				CLANG_ANALYZER_NONNULL = YES;
				CLANG_ANALYZER_NUMBER_OBJECT_CONVERSION = YES_AGGRESSIVE;
				CLANG_CXX_LANGUAGE_STANDARD = "gnu++20";
				CLANG_ENABLE_MODULES = YES;
				CLANG_ENABLE_OBJC_ARC = YES;
				CLANG_ENABLE_OBJC_WEAK = YES;
				CLANG_WARN_BLOCK_CAPTURE_AUTORELEASING = YES;
				CLANG_WARN_BOOL_CONVERSION = YES;
				CLANG_WARN_COMMA = YES;
				CLANG_WARN_CONSTANT_CONVERSION = YES;
				CLANG_WARN_DEPRECATED_OBJC_IMPLEMENTATIONS = YES;
				CLANG_WARN_DIRECT_OBJC_ISA_USAGE = YES_ERROR;
				CLANG_WARN_DOCUMENTATION_COMMENTS = YES;
				CLANG_WARN_EMPTY_BODY = YES;
				CLANG_WARN_ENUM_CONVERSION = YES;
				CLANG_WARN_INFINITE_RECURSION = YES;
				CLANG_WARN_INT_CONVERSION = YES;
				CLANG_WARN_NON_LITERAL_NULL_CONVERSION = YES;
				CLANG_WARN_OBJC_IMPLICIT_RETAIN_SELF = YES;
				CLANG_WARN_OBJC_LITERAL_CONVERSION = YES;
				CLANG_WARN_OBJC_ROOT_CLASS = YES_ERROR;
				CLANG_WARN_QUOTED_INCLUDE_IN_FRAMEWORK_HEADER = YES;
				CLANG_WARN_RANGE_LOOP_ANALYSIS = YES;
				CLANG_WARN_STRICT_PROTOTYPES = YES;
				CLANG_WARN_SUSPICIOUS_MOVE = YES;
				CLANG_WARN_UNGUARDED_AVAILABILITY = YES_AGGRESSIVE;
				CLANG_WARN_UNREACHABLE_CODE = YES;
				CLANG_WARN__DUPLICATE_METHOD_MATCH = YES;
				COPY_PHASE_STRIP = NO;
				DEBUG_INFORMATION_FORMAT = "dwarf-with-dsym";
				ENABLE_NS_ASSERTIONS = NO;
				ENABLE_STRICT_OBJC_MSGSEND = YES;
				GCC_C_LANGUAGE_STANDARD = gnu11;
				GCC_NO_COMMON_BLOCKS = YES;
				GCC_WARN_64_TO_32_BIT_CONVERSION = YES;
				GCC_WARN_ABOUT_RETURN_TYPE = YES_ERROR;
				GCC_WARN_UNDECLARED_SELECTOR = YES;
				GCC_WARN_UNINITIALIZED_AUTOS = YES_AGGRESSIVE;
				GCC_WARN_UNUSED_FUNCTION = YES;
				GCC_WARN_UNUSED_VARIABLE = YES;
				IPHONEOS_DEPLOYMENT_TARGET = 16.0;
				MTL_ENABLE_DEBUG_INFO = NO;
				MTL_FAST_MATH = YES;
				SDKROOT = iphoneos;
				SWIFT_COMPILATION_MODE = wholemodule;
				SWIFT_OPTIMIZATION_LEVEL = "-O";
				VALIDATE_PRODUCT = YES;
			};
			name = Release;
		};
		02EE86A128D1EC530053FE16 /* Debug */ = {
			isa = XCBuildConfiguration;
			buildSettings = {
				ASSETCATALOG_COMPILER_APPICON_NAME = AppIcon;
				ASSETCATALOG_COMPILER_GLOBAL_ACCENT_COLOR_NAME = AccentColor;
				CODE_SIGN_STYLE = Automatic;
				CURRENT_PROJECT_VERSION = 1;
				DEVELOPMENT_TEAM = UQND3C5G35;
				GENERATE_INFOPLIST_FILE = YES;
				INFOPLIST_FILE = EVIOS3/Info.plist;
				INFOPLIST_KEY_UIApplicationSupportsIndirectInputEvents = YES;
				INFOPLIST_KEY_UILaunchStoryboardName = LaunchScreen;
				INFOPLIST_KEY_UIMainStoryboardFile = Main;
				INFOPLIST_KEY_UISupportedInterfaceOrientations_iPad = "UIInterfaceOrientationPortrait UIInterfaceOrientationPortraitUpsideDown UIInterfaceOrientationLandscapeLeft UIInterfaceOrientationLandscapeRight";
				INFOPLIST_KEY_UISupportedInterfaceOrientations_iPhone = "UIInterfaceOrientationPortrait UIInterfaceOrientationLandscapeLeft UIInterfaceOrientationLandscapeRight";
				LD_RUNPATH_SEARCH_PATHS = (
					"$(inherited)",
					"@executable_path/Frameworks",
				);
				MARKETING_VERSION = 1.0;
				PRODUCT_BUNDLE_IDENTIFIER = com.techniifutur.technipixl.EVIOS3;
				PRODUCT_NAME = "$(TARGET_NAME)";
				SWIFT_EMIT_LOC_STRINGS = YES;
				SWIFT_VERSION = 5.0;
				TARGETED_DEVICE_FAMILY = "1,2";
			};
			name = Debug;
		};
		02EE86A228D1EC530053FE16 /* Release */ = {
			isa = XCBuildConfiguration;
			buildSettings = {
				ASSETCATALOG_COMPILER_APPICON_NAME = AppIcon;
				ASSETCATALOG_COMPILER_GLOBAL_ACCENT_COLOR_NAME = AccentColor;
				CODE_SIGN_STYLE = Automatic;
				CURRENT_PROJECT_VERSION = 1;
				DEVELOPMENT_TEAM = UQND3C5G35;
				GENERATE_INFOPLIST_FILE = YES;
				INFOPLIST_FILE = EVIOS3/Info.plist;
				INFOPLIST_KEY_UIApplicationSupportsIndirectInputEvents = YES;
				INFOPLIST_KEY_UILaunchStoryboardName = LaunchScreen;
				INFOPLIST_KEY_UIMainStoryboardFile = Main;
				INFOPLIST_KEY_UISupportedInterfaceOrientations_iPad = "UIInterfaceOrientationPortrait UIInterfaceOrientationPortraitUpsideDown UIInterfaceOrientationLandscapeLeft UIInterfaceOrientationLandscapeRight";
				INFOPLIST_KEY_UISupportedInterfaceOrientations_iPhone = "UIInterfaceOrientationPortrait UIInterfaceOrientationLandscapeLeft UIInterfaceOrientationLandscapeRight";
				LD_RUNPATH_SEARCH_PATHS = (
					"$(inherited)",
					"@executable_path/Frameworks",
				);
				MARKETING_VERSION = 1.0;
				PRODUCT_BUNDLE_IDENTIFIER = com.techniifutur.technipixl.EVIOS3;
				PRODUCT_NAME = "$(TARGET_NAME)";
				SWIFT_EMIT_LOC_STRINGS = YES;
				SWIFT_VERSION = 5.0;
				TARGETED_DEVICE_FAMILY = "1,2";
			};
			name = Release;
		};
/* End XCBuildConfiguration section */

/* Begin XCConfigurationList section */
		02EE868728D1EC520053FE16 /* Build configuration list for PBXProject "EVIOS3" */ = {
			isa = XCConfigurationList;
			buildConfigurations = (
				02EE869E28D1EC530053FE16 /* Debug */,
				02EE869F28D1EC530053FE16 /* Release */,
			);
			defaultConfigurationIsVisible = 0;
			defaultConfigurationName = Release;
		};
		02EE86A028D1EC530053FE16 /* Build configuration list for PBXNativeTarget "EVIOS3" */ = {
			isa = XCConfigurationList;
			buildConfigurations = (
				02EE86A128D1EC530053FE16 /* Debug */,
				02EE86A228D1EC530053FE16 /* Release */,
			);
			defaultConfigurationIsVisible = 0;
			defaultConfigurationName = Release;
		};
/* End XCConfigurationList section */

/* Begin XCRemoteSwiftPackageReference section */
		02EE86B428D1F4370053FE16 /* XCRemoteSwiftPackageReference "Alamofire" */ = {
			isa = XCRemoteSwiftPackageReference;
			repositoryURL = "https://github.com/Alamofire/Alamofire";
			requirement = {
				kind = upToNextMajorVersion;
				minimumVersion = 5.0.0;
			};
		};
		02EE86B728D1F44A0053FE16 /* XCRemoteSwiftPackageReference "AlamofireImage" */ = {
			isa = XCRemoteSwiftPackageReference;
			repositoryURL = "https://github.com/Alamofire/AlamofireImage";
			requirement = {
				branch = master;
				kind = branch;
			};
		};
/* End XCRemoteSwiftPackageReference section */

/* Begin XCSwiftPackageProductDependency section */
		02EE86B528D1F4370053FE16 /* Alamofire */ = {
			isa = XCSwiftPackageProductDependency;
			package = 02EE86B428D1F4370053FE16 /* XCRemoteSwiftPackageReference "Alamofire" */;
			productName = Alamofire;
		};
		02EE86B828D1F44A0053FE16 /* AlamofireImage */ = {
			isa = XCSwiftPackageProductDependency;
			package = 02EE86B728D1F44A0053FE16 /* XCRemoteSwiftPackageReference "AlamofireImage" */;
			productName = AlamofireImage;
		};
/* End XCSwiftPackageProductDependency section */
	};
	rootObject = 02EE868428D1EC520053FE16 /* Project object */;
}
